
Microsoft Visual Studio Solution File, Format Version 12.00
# Visual Studio Version 16
VisualStudioVersion = 16.0.32413.511
MinimumVisualStudioVersion = 10.0.40219.1
Project("{FAE04EC0-301F-11D3-BF4B-00C04F79EFBC}") = "File_Organization_HW1", "File_Organization_HW1\File_Organization_HW1.csproj", "{E2697D65-8487-482E-B3A4-860B20FC4403}"
EndProject
Global
	GlobalSection(SolutionConfigurationPlatforms) = preSolution
		Debug|Any CPU = Debug|Any CPU
		Release|Any CPU = Release|Any CPU
	EndGlobalSection
	GlobalSection(ProjectConfigurationPlatforms) = postSolution
		{E2697D65-8487-482E-B3A4-860B20FC4403}.Debug|Any CPU.ActiveCfg = Debug|Any CPU
		{E2697D65-8487-482E-B3A4-860B20FC4403}.Debug|Any CPU.Build.0 = Debug|Any CPU
		{E2697D65-8487-482E-B3A4-860B20FC4403}.Release|Any CPU.ActiveCfg = Release|Any CPU
		{E2697D65-8487-482E-B3A4-860B20FC4403}.Release|Any CPU.Build.0 = Release|Any CPU
	EndGlobalSection
	GlobalSection(SolutionProperties) = preSolution
		HideSolutionNode = FALSE
	EndGlobalSection
	GlobalSection(ExtensibilityGlobals) = postSolution
		SolutionGuid = {818465EB-94A5-48CB-AD9C-9CD7476756CF}
	EndGlobalSection
EndGlobal
